{
  "version": 4,
  "terraform_version": "1.9.5",
  "serial": 310,
  "lineage": "956e2825-6aed-a015-5f44-18f68bdcbf7a",
  "outputs": {},
  "resources": [
    {
      "mode": "managed",
      "type": "opennebula_image",
      "name": "ubuntu_image",
      "provider": "provider[\"registry.terraform.io/opennebula/opennebula\"]",
      "instances": [
        {
          "schema_version": 0,
          "attributes": {
            "clone_from_image": null,
            "datastore_id": 1,
            "default_tags": {},
            "description": "Terraform image",
            "dev_prefix": "vd",
            "driver": "qcow2",
            "format": null,
            "gid": 0,
            "gname": "oneadmin",
            "group": "oneadmin",
            "id": "52",
            "lock": "UNLOCK",
            "name": "Ubuntu 24.04",
            "path": "https://marketplace.opennebula.io//appliance/f4cc1890-f430-013c-b669-7875a4a4f528/download/0",
            "permissions": "660",
            "persistent": false,
            "size": null,
            "tags": {
              "environment": "prod"
            },
            "tags_all": {
              "environment": "prod"
            },
            "target": null,
            "template_section": [
              {
                "elements": {
                  "OS": "Linux",
                  "VER": "24.04"
                },
                "name": "Ubuntu_Dis"
              }
            ],
            "timeout": 20,
            "timeouts": null,
            "type": "OS",
            "uid": 0,
            "uname": "oneadmin"
          },
          "sensitive_attributes": [],
          "private": "eyJlMmJmYjczMC1lY2FhLTExZTYtOGY4OC0zNDM2M2JjN2M0YzAiOnsiY3JlYXRlIjoxMjAwMDAwMDAwMDAwLCJkZWxldGUiOjEyMDAwMDAwMDAwMDB9fQ=="
        }
      ]
    },
    {
      "mode": "managed",
      "type": "opennebula_image",
      "name": "ubuntu_image_luks",
      "provider": "provider[\"registry.terraform.io/opennebula/opennebula\"]",
      "instances": [
        {
          "schema_version": 0,
          "attributes": {
            "clone_from_image": null,
            "datastore_id": 1,
            "default_tags": {},
            "description": "Terraform image (LUKS-encrypted)",
            "dev_prefix": "vd",
            "driver": "raw",
            "format": null,
            "gid": 0,
            "gname": "oneadmin",
            "group": "oneadmin",
            "id": "55",
            "lock": "UNLOCK",
            "name": "Ubuntu 24.04 (LUKS)",
            "path": "/var/tmp/ubuntu24.luks",
            "permissions": "660",
            "persistent": false,
            "size": null,
            "tags": {
              "environment": "prod"
            },
            "tags_all": {
              "environment": "prod"
            },
            "target": null,
            "template_section": [
              {
                "elements": {
                  "LUKS_SECRET": "e1f493ef-2d1c-43b0-954e-de1fa08f7d7f",
                  "OS": "Linux",
                  "VER": "24.04"
                },
                "name": "Ubuntu_Dis"
              }
            ],
            "timeout": 20,
            "timeouts": null,
            "type": "OS",
            "uid": 0,
            "uname": "oneadmin"
          },
          "sensitive_attributes": [],
          "private": "eyJlMmJmYjczMC1lY2FhLTExZTYtOGY4OC0zNDM2M2JjN2M0YzAiOnsiY3JlYXRlIjoxMjAwMDAwMDAwMDAwLCJkZWxldGUiOjEyMDAwMDAwMDAwMDB9fQ=="
        }
      ]
    },
    {
      "mode": "managed",
      "type": "opennebula_security_group",
      "name": "basic_sg",
      "provider": "provider[\"registry.terraform.io/opennebula/opennebula\"]",
      "instances": [
        {
          "schema_version": 0,
          "attributes": {
            "commit": true,
            "default_tags": {},
            "description": "Terraform security group",
            "gid": 0,
            "gname": "oneadmin",
            "group": "oneadmin",
            "id": "146",
            "name": "security-group",
            "permissions": "764",
            "rule": [
              {
                "icmp_type": "",
                "ip": "",
                "network_id": "",
                "protocol": "ALL",
                "range": "",
                "rule_type": "OUTBOUND",
                "size": ""
              },
              {
                "icmp_type": "",
                "ip": "",
                "network_id": "",
                "protocol": "TCP",
                "range": "22",
                "rule_type": "INBOUND",
                "size": ""
              },
              {
                "icmp_type": "",
                "ip": "",
                "network_id": "",
                "protocol": "ICMP",
                "range": "",
                "rule_type": "INBOUND",
                "size": ""
              }
            ],
            "tags": {
              "environment": "prod"
            },
            "tags_all": {
              "environment": "prod"
            },
            "template_section": [],
            "uid": 0,
            "uname": "oneadmin"
          },
          "sensitive_attributes": [],
          "private": "bnVsbA=="
        }
      ]
    },
    {
      "mode": "managed",
      "type": "opennebula_template",
      "name": "confidential_vm_templat_luks",
      "provider": "provider[\"registry.terraform.io/opennebula/opennebula\"]",
      "instances": [
        {
          "schema_version": 0,
          "attributes": {
            "context": {
              "NETWORK": "YES",
              "PASSWORD_BASE64": "YWRtaW4x",
              "SET_HOSTNAME": "$NAME",
              "SSH_PUBLIC_KEY": "$USER[SSH_PUBLIC_KEY]",
              "START_SCRIPT": "echo -e '123456\n123456' | passwd root |sudo apt-get update -y \u0026\u0026 sudo apt-get install sshpass -y",
              "USERNAME": "admin"
            },
            "cpu": 1,
            "cpumodel": [
              {
                "model": "host-passthrough"
              }
            ],
            "default_tags": {},
            "description": "",
            "disk": [
              {
                "cache": "",
                "dev_prefix": "",
                "discard": "",
                "driver": "raw",
                "image_id": 52,
                "io": "",
                "size": 10000,
                "target": "vda",
                "volatile_format": "",
                "volatile_type": ""
              }
            ],
            "features": [],
            "gid": 0,
            "gname": "oneadmin",
            "graphics": [
              {
                "keymap": "es",
                "listen": "0.0.0.0",
                "passwd": "",
                "port": "",
                "random_passwd": false,
                "type": "VNC"
              }
            ],
            "group": "oneadmin",
            "id": "35",
            "lock": null,
            "memory": 1024,
            "name": "confidential-sgx-template_luks",
            "nic": [
              {
                "dns": "",
                "gateway": "",
                "ip": "",
                "mac": "",
                "method": "",
                "model": "virtio",
                "network": "",
                "network_id": 48,
                "network_mode_auto": false,
                "physical_device": "",
                "sched_rank": "",
                "sched_requirements": "",
                "security_groups": [
                  146
                ],
                "virtio_queues": ""
              }
            ],
            "os": [
              {
                "arch": "x86_64",
                "boot": "disk0"
              }
            ],
            "permissions": "660",
            "raw": [
              {
                "data": "\u003ccpu mode='host-passthrough'\u003e\u003cfeature policy='require' name='sgx'/\u003e\u003c/cpu\u003e",
                "type": "kvm"
              }
            ],
            "reg_time": 1747302236,
            "sched_ds_requirements": "",
            "sched_requirements": "",
            "tags": {
              "deployment_mode": "terraform",
              "environment": "uoclab",
              "image": "ubuntu 24.04"
            },
            "tags_all": {
              "deployment_mode": "terraform",
              "environment": "uoclab",
              "image": "ubuntu 24.04"
            },
            "template_section": [],
            "uid": 0,
            "uname": "oneadmin",
            "user_inputs": null,
            "vcpu": 1,
            "vmgroup": []
          },
          "sensitive_attributes": [],
          "private": "bnVsbA==",
          "dependencies": [
            "opennebula_image.ubuntu_image",
            "opennebula_security_group.basic_sg",
            "opennebula_virtual_network.private_net"
          ]
        }
      ]
    },
    {
      "mode": "managed",
      "type": "opennebula_template",
      "name": "confidential_vm_template",
      "provider": "provider[\"registry.terraform.io/opennebula/opennebula\"]",
      "instances": [
        {
          "schema_version": 0,
          "attributes": {
            "context": {
              "NETWORK": "YES",
              "PASSWORD_BASE64": "YWRtaW4x",
              "SET_HOSTNAME": "$NAME",
              "SSH_PUBLIC_KEY": "$USER[SSH_PUBLIC_KEY]",
              "START_SCRIPT": "echo -e '123456\n123456' | passwd root |sudo apt-get update -y \u0026\u0026 sudo apt-get install sshpass -y",
              "USERNAME": "admin"
            },
            "cpu": 1,
            "cpumodel": [
              {
                "model": "host-passthrough"
              }
            ],
            "default_tags": {},
            "description": "",
            "disk": [
              {
                "cache": "",
                "dev_prefix": "",
                "discard": "",
                "driver": "qcow2",
                "image_id": 52,
                "io": "",
                "size": 10000,
                "target": "vda",
                "volatile_format": "",
                "volatile_type": ""
              }
            ],
            "features": [],
            "gid": 0,
            "gname": "oneadmin",
            "graphics": [
              {
                "keymap": "es",
                "listen": "0.0.0.0",
                "passwd": "",
                "port": "",
                "random_passwd": false,
                "type": "VNC"
              }
            ],
            "group": "oneadmin",
            "id": "36",
            "lock": null,
            "memory": 1024,
            "name": "confidential-sgx-template",
            "nic": [
              {
                "dns": "",
                "gateway": "",
                "ip": "",
                "mac": "",
                "method": "",
                "model": "virtio",
                "network": "",
                "network_id": 48,
                "network_mode_auto": false,
                "physical_device": "",
                "sched_rank": "",
                "sched_requirements": "",
                "security_groups": [
                  146
                ],
                "virtio_queues": ""
              }
            ],
            "os": [
              {
                "arch": "x86_64",
                "boot": "disk0"
              }
            ],
            "permissions": "660",
            "raw": [
              {
                "data": "\u003ccpu mode='host-passthrough'\u003e\u003cfeature policy='require' name='sgx'/\u003e\u003c/cpu\u003e",
                "type": "kvm"
              }
            ],
            "reg_time": 1747302268,
            "sched_ds_requirements": "",
            "sched_requirements": "",
            "tags": {
              "deployment_mode": "terraform",
              "environment": "uoclab",
              "image": "ubuntu 24.04"
            },
            "tags_all": {
              "deployment_mode": "terraform",
              "environment": "uoclab",
              "image": "ubuntu 24.04"
            },
            "template_section": [],
            "uid": 0,
            "uname": "oneadmin",
            "user_inputs": null,
            "vcpu": 1,
            "vmgroup": null
          },
          "sensitive_attributes": [],
          "private": "bnVsbA==",
          "dependencies": [
            "opennebula_image.ubuntu_image",
            "opennebula_security_group.basic_sg",
            "opennebula_virtual_network.private_net"
          ]
        }
      ]
    },
    {
      "mode": "managed",
      "type": "opennebula_virtual_network",
      "name": "private_net",
      "provider": "provider[\"registry.terraform.io/opennebula/opennebula\"]",
      "instances": [
        {
          "schema_version": 0,
          "attributes": {
            "ar": [
              {
                "ar_type": "IP4",
                "computed_global_prefix": "",
                "computed_ip6": "",
                "computed_mac": "02:00:c0:a8:01:c8",
                "computed_ula_prefix": "",
                "global_prefix": "",
                "id": "0",
                "ip4": "192.168.1.200",
                "ip6": "",
                "mac": "",
                "prefix_length": "",
                "size": 50,
                "ula_prefix": ""
              }
            ],
            "automatic_vlan_id": null,
            "bridge": "br0",
            "cluster_ids": [],
            "default_tags": {},
            "description": "VMs bridged to 192.168.1.0/24",
            "dns": "100.100.1.1",
            "gateway": "192.168.1.1",
            "gid": 0,
            "gname": "oneadmin",
            "group": null,
            "guest_mtu": 1500,
            "hold_ips": null,
            "id": "48",
            "lock": null,
            "mtu": 1500,
            "name": "terraform-Vnet-FW",
            "network_address": "192.168.1.0",
            "network_mask": "255.255.255.0",
            "permissions": "660",
            "physical_device": "",
            "reservation_ar_id": -1,
            "reservation_first_ip": "",
            "reservation_size": 0,
            "reservation_vnet": -1,
            "search_domain": "",
            "security_groups": [
              146
            ],
            "tags": {
              "environment": "prod"
            },
            "tags_all": {
              "environment": "prod"
            },
            "template_section": [
              {
                "elements": {
                  "SIZE": "24",
                  "TYPE": "BR"
                },
                "name": "VNET"
              }
            ],
            "timeouts": null,
            "type": "fw",
            "uid": 0,
            "uname": "oneadmin",
            "user": null,
            "vlan_id": null
          },
          "sensitive_attributes": [],
          "private": "eyJlMmJmYjczMC1lY2FhLTExZTYtOGY4OC0zNDM2M2JjN2M0YzAiOnsiY3JlYXRlIjozMDAwMDAwMDAwMDB9fQ==",
          "dependencies": [
            "opennebula_security_group.basic_sg"
          ]
        }
      ]
    }
  ],
  "check_results": null
}
